
Microsoft Visual Studio Solution File, Format Version 12.00
# Visual Studio Version 16
VisualStudioVersion = 16.0.32106.194
MinimumVisualStudioVersion = 10.0.40219.1
Project("{9A19103F-16F7-4668-BE54-9A1E7A4F7556}") = "DemoShop", "DemoShop.csproj", "{56AA0A33-707E-46B1-933E-B7959BD75192}"
EndProject
Global
	GlobalSection(SolutionConfigurationPlatforms) = preSolution
		Debug|Any CPU = Debug|Any CPU
		Release|Any CPU = Release|Any CPU
	EndGlobalSection
	GlobalSection(ProjectConfigurationPlatforms) = postSolution
		{56AA0A33-707E-46B1-933E-B7959BD75192}.Debug|Any CPU.ActiveCfg = Debug|Any CPU
		{56AA0A33-707E-46B1-933E-B7959BD75192}.Debug|Any CPU.Build.0 = Debug|Any CPU
		{56AA0A33-707E-46B1-933E-B7959BD75192}.Release|Any CPU.ActiveCfg = Release|Any CPU
		{56AA0A33-707E-46B1-933E-B7959BD75192}.Release|Any CPU.Build.0 = Release|Any CPU
	EndGlobalSection
	GlobalSection(SolutionProperties) = preSolution
		HideSolutionNode = FALSE
	EndGlobalSection
	GlobalSection(ExtensibilityGlobals) = postSolution
		SolutionGuid = {12D5CDB9-4856-4800-A72D-89D1B8108112}
	EndGlobalSection
EndGlobal
